// !$*UTF8*$!
{
	archiveVersion = 1;
	classes = {
	};
	objectVersion = 54;
	objects = {

/* Begin PBXBuildFile section */
		00E356F31AD99517003FC87E /* Coffe_ShopeTests.m in Sources */ = {isa = PBXBuildFile; fileRef = 00E356F21AD99517003FC87E /* Coffe_ShopeTests.m */; };
		0C80B921A6F3F58F76C31292 /* libPods-Coffe_Shope.a in Frameworks */ = {isa = PBXBuildFile; fileRef = 5DCACB8F33CDC322A6C60F78 /* libPods-Coffe_Shope.a */; };
		13B07FBC1A68108700A75B9A /* AppDelegate.mm in Sources */ = {isa = PBXBuildFile; fileRef = 13B07FB01A68108700A75B9A /* AppDelegate.mm */; };
		13B07FBF1A68108700A75B9A /* Images.xcassets in Resources */ = {isa = PBXBuildFile; fileRef = 13B07FB51A68108700A75B9A /* Images.xcassets */; };
		13B07FC11A68108700A75B9A /* main.m in Sources */ = {isa = PBXBuildFile; fileRef = 13B07FB71A68108700A75B9A /* main.m */; };
		7699B88040F8A987B510C191 /* libPods-Coffe_Shope-Coffe_ShopeTests.a in Frameworks */ = {isa = PBXBuildFile; fileRef = 19F6CBCC0A4E27FBF8BF4A61 /* libPods-Coffe_Shope-Coffe_ShopeTests.a */; };
		81AB9BB82411601600AC10FF /* LaunchScreen.storyboard in Resources */ = {isa = PBXBuildFile; fileRef = 81AB9BB72411601600AC10FF /* LaunchScreen.storyboard */; };
		2FC51DC733644E0B8B0662C4 /* Poppins-Black.ttf in Resources */ = {isa = PBXBuildFile; fileRef = 12BC6A52394B48F7891D3D41 /* Poppins-Black.ttf */; };
		C28309A8A6B7459084DFD7CD /* Poppins-Bold.ttf in Resources */ = {isa = PBXBuildFile; fileRef = 7A630240462444069519413C /* Poppins-Bold.ttf */; };
		38026EDE873C473087EBE866 /* Poppins-ExtraBold.ttf in Resources */ = {isa = PBXBuildFile; fileRef = 0D96FFC3E91343E9BEC71F04 /* Poppins-ExtraBold.ttf */; };
		72D6785A77E3472699A5336F /* Poppins-ExtraLight.ttf in Resources */ = {isa = PBXBuildFile; fileRef = 7D3E68BFED114B568C31312B /* Poppins-ExtraLight.ttf */; };
		2A3842D5E2CC4861810AA360 /* Poppins-Light.ttf in Resources */ = {isa = PBXBuildFile; fileRef = F7F3517DDA864FF7A35387E8 /* Poppins-Light.ttf */; };
		9EDA6F3798AB4860A76E204B /* Poppins-Medium.ttf in Resources */ = {isa = PBXBuildFile; fileRef = 3CADE8E143CE4B6AB57806DA /* Poppins-Medium.ttf */; };
		A5D4D21925CD49AA9D3DF082 /* Poppins-Regular.ttf in Resources */ = {isa = PBXBuildFile; fileRef = 47EFCA7613D9404F8B7E9E1B /* Poppins-Regular.ttf */; };
		06E05CC797624DB5BE101291 /* Poppins-SemiBold.ttf in Resources */ = {isa = PBXBuildFile; fileRef = CBC63971473942DD8000BCDE /* Poppins-SemiBold.ttf */; };
		C0B7DF3B4B224E4BBE42B28E /* Poppins-Thin.ttf in Resources */ = {isa = PBXBuildFile; fileRef = CDAF6A6D69A147AF9FE0E79E /* Poppins-Thin.ttf */; };
		58146887308C4AECB13479BB /* app_icons.ttf in Resources */ = {isa = PBXBuildFile; fileRef = 3EDCE0C0E9BB49C481EDC406 /* app_icons.ttf */; };
		149D060371CD4EEF88540DDE /* amazonpay.png in Resources */ = {isa = PBXBuildFile; fileRef = ADCC37C3275547498D81E9AB /* amazonpay.png */; };
		960DF2AFED0A4D5ABB4958FC /* applepay.png in Resources */ = {isa = PBXBuildFile; fileRef = 7BBC34513AED45B383616F7D /* applepay.png */; };
		64727F66062741A18E33A142 /* avatar.png in Resources */ = {isa = PBXBuildFile; fileRef = 1945990456FA4BEABBBB924D /* avatar.png */; };
		5F1A986AE1974BAAB60E4D81 /* gpay.png in Resources */ = {isa = PBXBuildFile; fileRef = FB7FAFCA547846CF838B01A4 /* gpay.png */; };
		0EE74807CAC3481D9222727C /* americano_pic_1_portrait.png in Resources */ = {isa = PBXBuildFile; fileRef = E16E5DAD6BC14583AE705839 /* americano_pic_1_portrait.png */; };
		4830F4196D5B4CF79A004BC4 /* americano_pic_2_portrait.png in Resources */ = {isa = PBXBuildFile; fileRef = 7DEDBCBA0314457FBDF76825 /* americano_pic_2_portrait.png */; };
		6338A8FD7D884349AD0A80CC /* americano_pic_3_portrait.png in Resources */ = {isa = PBXBuildFile; fileRef = 70AEA544693F4D999005CACD /* americano_pic_3_portrait.png */; };
		54967F8EF3EA4663A3468B2E /* americano_pic_1_square.png in Resources */ = {isa = PBXBuildFile; fileRef = 502BBB56083E4252BCEFBD41 /* americano_pic_1_square.png */; };
		8C72AB939A27496382570A7C /* americano_pic_2_square.png in Resources */ = {isa = PBXBuildFile; fileRef = 5338CEEDD86647AFBFA0B866 /* americano_pic_2_square.png */; };
		4FC8A4ED75D848749AA09C0E /* americano_pic_3_square.png in Resources */ = {isa = PBXBuildFile; fileRef = 6148AD23D63C470B90BEF587 /* americano_pic_3_square.png */; };
		AC17163E27C04D0A9474A0C7 /* arabica_coffee_beans_portrait.png in Resources */ = {isa = PBXBuildFile; fileRef = 58F18EBD8DFD456B94A70038 /* arabica_coffee_beans_portrait.png */; };
		9408C1A6D8DD44B0B3B298C4 /* arabica_coffee_beans_square.png in Resources */ = {isa = PBXBuildFile; fileRef = 935D6369CA94438F9F6FF72F /* arabica_coffee_beans_square.png */; };
		B233512CD0AB4B56875736BE /* black_coffee_pic_1_portrait.png in Resources */ = {isa = PBXBuildFile; fileRef = E419BBEEAB0F4177B95F2755 /* black_coffee_pic_1_portrait.png */; };
		CB0EF0061B794F3394451641 /* black_coffee_pic_2_portrait.png in Resources */ = {isa = PBXBuildFile; fileRef = 62FF23400AD34EB6B5011DAD /* black_coffee_pic_2_portrait.png */; };
		EE395F4F2FF8427E9A0AABE5 /* black_coffee_pic_3_portrait.png in Resources */ = {isa = PBXBuildFile; fileRef = 68CF3109F8794DE89DBE9B9F /* black_coffee_pic_3_portrait.png */; };
		CF327686BE6D43B986D7CD94 /* black_coffee_pic_1_square.png in Resources */ = {isa = PBXBuildFile; fileRef = 67528277258C4FF4B6B5625D /* black_coffee_pic_1_square.png */; };
		87FB5A5E4EEC4C4781783D3F /* black_coffee_pic_2_square.png in Resources */ = {isa = PBXBuildFile; fileRef = A65039FF2C7B48A4AA530449 /* black_coffee_pic_2_square.png */; };
		482A963C0CC84D35B0D2F18E /* black_coffee_pic_3_square.png in Resources */ = {isa = PBXBuildFile; fileRef = DE7E79A72B0449D997BADD05 /* black_coffee_pic_3_square.png */; };
		4E0421D9E646475CAC528164 /* cappuccino_pic_1_portrait.png in Resources */ = {isa = PBXBuildFile; fileRef = 4D6F2C12721C441BAA5AFF56 /* cappuccino_pic_1_portrait.png */; };
		250B6E1555D54DBA9D7462E3 /* cappuccino_pic_2_portrait.png in Resources */ = {isa = PBXBuildFile; fileRef = 7EA1530E219E482682BA5825 /* cappuccino_pic_2_portrait.png */; };
		12980A60DF7941A18C6F8036 /* cappuccino_pic_3_portrait.png in Resources */ = {isa = PBXBuildFile; fileRef = C3215493D94F429C837DAF80 /* cappuccino_pic_3_portrait.png */; };
		5473EF46E8EC466AB7849DD8 /* cappuccino_pic_1_square.png in Resources */ = {isa = PBXBuildFile; fileRef = 36E8935C08934DDAACC07793 /* cappuccino_pic_1_square.png */; };
		C41D3649030E45D28F0E2531 /* cappuccino_pic_2_square.png in Resources */ = {isa = PBXBuildFile; fileRef = 842E02E27CCE441FA495437F /* cappuccino_pic_2_square.png */; };
		4B2F6F614B904B3780EE3B3E /* cappuccino_pic_3_square.png in Resources */ = {isa = PBXBuildFile; fileRef = 5944E0182FEC4C58B86FA60F /* cappuccino_pic_3_square.png */; };
		79F023B0B0294662AC635284 /* espresso_pic_1_portrait.png in Resources */ = {isa = PBXBuildFile; fileRef = C45FF4D940564EE8839EBC4F /* espresso_pic_1_portrait.png */; };
		9A9BB194D8884CB49E546144 /* espresso_pic_2_portrait.png in Resources */ = {isa = PBXBuildFile; fileRef = F02466DBB60E42C6B3C4EB4E /* espresso_pic_2_portrait.png */; };
		40EA26267449464F91B5AA88 /* espresso_pic_3_portrait.png in Resources */ = {isa = PBXBuildFile; fileRef = D444D8BF02754A09929C2DAE /* espresso_pic_3_portrait.png */; };
		20638AE3BC294FE9BEC7BF5B /* espresso_pic_1_square.png in Resources */ = {isa = PBXBuildFile; fileRef = 713CE296F2284FC293B40DC7 /* espresso_pic_1_square.png */; };
		CE83BD63E9704ED0B9324774 /* espresso_pic_2_square.png in Resources */ = {isa = PBXBuildFile; fileRef = 9B92B51FDC2B4EE5A9F78C6E /* espresso_pic_2_square.png */; };
		674D1EF49B194816A5C7D8F1 /* espresso_pic_3_square.png in Resources */ = {isa = PBXBuildFile; fileRef = FC003DD9076C4C4E920B73EA /* espresso_pic_3_square.png */; };
		A428CD502BED439FB0DA9899 /* excelsa_coffee_beans_portrait.png in Resources */ = {isa = PBXBuildFile; fileRef = 9155B1AF607F43CAA43251F5 /* excelsa_coffee_beans_portrait.png */; };
		29FEC027865D491689388B29 /* excelsa_coffee_beans_square.png in Resources */ = {isa = PBXBuildFile; fileRef = BD67B26E5F064044BB15ACBB /* excelsa_coffee_beans_square.png */; };
		8848C8F3B7CE47DDAF412603 /* latte_pic_1_portrait.png in Resources */ = {isa = PBXBuildFile; fileRef = DE6EE52A373D4FD9B1D50512 /* latte_pic_1_portrait.png */; };
		1ED23C36572A493C8D84E2B3 /* latte_pic_2_portrait.png in Resources */ = {isa = PBXBuildFile; fileRef = CB8802D92F224F7CB1B7A8FD /* latte_pic_2_portrait.png */; };
		C11EA83F7461454DBDA670A3 /* latte_pic_3_portrait.png in Resources */ = {isa = PBXBuildFile; fileRef = 6C31DD3D00444C30BDECF08C /* latte_pic_3_portrait.png */; };
		82AB8DC9612543BA8F9F67D9 /* latte_pic_1_square.png in Resources */ = {isa = PBXBuildFile; fileRef = F60C7F4D3BD2404D94C48CEE /* latte_pic_1_square.png */; };
		998C720254924901B96DC764 /* latte_pic_2_square.png in Resources */ = {isa = PBXBuildFile; fileRef = 1ABBD6F7FB164745B3C6D86E /* latte_pic_2_square.png */; };
		0FAE56C0D043496BA9B5ECB4 /* latte_pic_3_square.png in Resources */ = {isa = PBXBuildFile; fileRef = 81E4B2A09A2B4BC2B4D5819D /* latte_pic_3_square.png */; };
		CAF806496ED24262A49B5EAA /* liberica_coffee_beans_portrait.png in Resources */ = {isa = PBXBuildFile; fileRef = 2959E7DCDD584DFEA1964DB2 /* liberica_coffee_beans_portrait.png */; };
		3D6A7832F7F348ABAA1C132C /* liberica_coffee_beans_square.png in Resources */ = {isa = PBXBuildFile; fileRef = ED8AC4CF010C47A1B0F82454 /* liberica_coffee_beans_square.png */; };
		2A3D70B3F1D04264BE634E2F /* macchiato_pic_1_portrait.png in Resources */ = {isa = PBXBuildFile; fileRef = D895283E0F2A4DC2AE8A9CA9 /* macchiato_pic_1_portrait.png */; };
		21A46A6AD8EF4688AF8EDF37 /* macchiato_pic_2_portrait.png in Resources */ = {isa = PBXBuildFile; fileRef = 766C32270B144BF4A233925B /* macchiato_pic_2_portrait.png */; };
		1F4E8ECB14134339A331FBF0 /* macchiato_pic_3_portrait.png in Resources */ = {isa = PBXBuildFile; fileRef = D492FD039F3D44BABBBEB9CC /* macchiato_pic_3_portrait.png */; };
		359A46D9A7674E85A155406D /* macchiato_pic_1_square.png in Resources */ = {isa = PBXBuildFile; fileRef = 1A5E6C318DEB43E8A27FB455 /* macchiato_pic_1_square.png */; };
		E5B536E8A23B4D8DB9A2F1F6 /* macchiato_pic_2_square.png in Resources */ = {isa = PBXBuildFile; fileRef = 1F2041F5C7874245B5651032 /* macchiato_pic_2_square.png */; };
		751D0B38C25B4C67A7F269FD /* macchiato_pic_3_square.png in Resources */ = {isa = PBXBuildFile; fileRef = 3F13CEB6BE2D4B7AB2EAA7E2 /* macchiato_pic_3_square.png */; };
		820EF725F6FE40279192BFAB /* robusta_coffee_beans_portrait.png in Resources */ = {isa = PBXBuildFile; fileRef = 757A61B6208545ADA59C8A9F /* robusta_coffee_beans_portrait.png */; };
		F487AE0A4C0E424AB5072929 /* robusta_coffee_beans_square.png in Resources */ = {isa = PBXBuildFile; fileRef = B5DCE31A0F7F4050809427D0 /* robusta_coffee_beans_square.png */; };
/* End PBXBuildFile section */

/* Begin PBXContainerItemProxy section */
		00E356F41AD99517003FC87E /* PBXContainerItemProxy */ = {
			isa = PBXContainerItemProxy;
			containerPortal = 83CBB9F71A601CBA00E9B192 /* Project object */;
			proxyType = 1;
			remoteGlobalIDString = 13B07F861A680F5B00A75B9A;
			remoteInfo = Coffe_Shope;
		};
/* End PBXContainerItemProxy section */

/* Begin PBXFileReference section */
		00E356EE1AD99517003FC87E /* Coffe_ShopeTests.xctest */ = {isa = PBXFileReference; explicitFileType = wrapper.cfbundle; includeInIndex = 0; path = Coffe_ShopeTests.xctest; sourceTree = BUILT_PRODUCTS_DIR; };
		00E356F11AD99517003FC87E /* Info.plist */ = {isa = PBXFileReference; lastKnownFileType = text.plist.xml; path = Info.plist; sourceTree = "<group>"; };
		00E356F21AD99517003FC87E /* Coffe_ShopeTests.m */ = {isa = PBXFileReference; lastKnownFileType = sourcecode.c.objc; path = Coffe_ShopeTests.m; sourceTree = "<group>"; };
		13B07F961A680F5B00A75B9A /* Coffe_Shope.app */ = {isa = PBXFileReference; explicitFileType = wrapper.application; includeInIndex = 0; path = Coffe_Shope.app; sourceTree = BUILT_PRODUCTS_DIR; };
		13B07FAF1A68108700A75B9A /* AppDelegate.h */ = {isa = PBXFileReference; fileEncoding = 4; lastKnownFileType = sourcecode.c.h; name = AppDelegate.h; path = Coffe_Shope/AppDelegate.h; sourceTree = "<group>"; };
		13B07FB01A68108700A75B9A /* AppDelegate.mm */ = {isa = PBXFileReference; fileEncoding = 4; lastKnownFileType = sourcecode.cpp.objcpp; name = AppDelegate.mm; path = Coffe_Shope/AppDelegate.mm; sourceTree = "<group>"; };
		13B07FB51A68108700A75B9A /* Images.xcassets */ = {isa = PBXFileReference; lastKnownFileType = folder.assetcatalog; name = Images.xcassets; path = Coffe_Shope/Images.xcassets; sourceTree = "<group>"; };
		13B07FB61A68108700A75B9A /* Info.plist */ = {isa = PBXFileReference; fileEncoding = 4; lastKnownFileType = text.plist.xml; name = Info.plist; path = Coffe_Shope/Info.plist; sourceTree = "<group>"; };
		13B07FB71A68108700A75B9A /* main.m */ = {isa = PBXFileReference; fileEncoding = 4; lastKnownFileType = sourcecode.c.objc; name = main.m; path = Coffe_Shope/main.m; sourceTree = "<group>"; };
		19F6CBCC0A4E27FBF8BF4A61 /* libPods-Coffe_Shope-Coffe_ShopeTests.a */ = {isa = PBXFileReference; explicitFileType = archive.ar; includeInIndex = 0; path = "libPods-Coffe_Shope-Coffe_ShopeTests.a"; sourceTree = BUILT_PRODUCTS_DIR; };
		3B4392A12AC88292D35C810B /* Pods-Coffe_Shope.debug.xcconfig */ = {isa = PBXFileReference; includeInIndex = 1; lastKnownFileType = text.xcconfig; name = "Pods-Coffe_Shope.debug.xcconfig"; path = "Target Support Files/Pods-Coffe_Shope/Pods-Coffe_Shope.debug.xcconfig"; sourceTree = "<group>"; };
		5709B34CF0A7D63546082F79 /* Pods-Coffe_Shope.release.xcconfig */ = {isa = PBXFileReference; includeInIndex = 1; lastKnownFileType = text.xcconfig; name = "Pods-Coffe_Shope.release.xcconfig"; path = "Target Support Files/Pods-Coffe_Shope/Pods-Coffe_Shope.release.xcconfig"; sourceTree = "<group>"; };
		5B7EB9410499542E8C5724F5 /* Pods-Coffe_Shope-Coffe_ShopeTests.debug.xcconfig */ = {isa = PBXFileReference; includeInIndex = 1; lastKnownFileType = text.xcconfig; name = "Pods-Coffe_Shope-Coffe_ShopeTests.debug.xcconfig"; path = "Target Support Files/Pods-Coffe_Shope-Coffe_ShopeTests/Pods-Coffe_Shope-Coffe_ShopeTests.debug.xcconfig"; sourceTree = "<group>"; };
		5DCACB8F33CDC322A6C60F78 /* libPods-Coffe_Shope.a */ = {isa = PBXFileReference; explicitFileType = archive.ar; includeInIndex = 0; path = "libPods-Coffe_Shope.a"; sourceTree = BUILT_PRODUCTS_DIR; };
		81AB9BB72411601600AC10FF /* LaunchScreen.storyboard */ = {isa = PBXFileReference; fileEncoding = 4; lastKnownFileType = file.storyboard; name = LaunchScreen.storyboard; path = Coffe_Shope/LaunchScreen.storyboard; sourceTree = "<group>"; };
		89C6BE57DB24E9ADA2F236DE /* Pods-Coffe_Shope-Coffe_ShopeTests.release.xcconfig */ = {isa = PBXFileReference; includeInIndex = 1; lastKnownFileType = text.xcconfig; name = "Pods-Coffe_Shope-Coffe_ShopeTests.release.xcconfig"; path = "Target Support Files/Pods-Coffe_Shope-Coffe_ShopeTests/Pods-Coffe_Shope-Coffe_ShopeTests.release.xcconfig"; sourceTree = "<group>"; };
		ED297162215061F000B7C4FE /* JavaScriptCore.framework */ = {isa = PBXFileReference; lastKnownFileType = wrapper.framework; name = JavaScriptCore.framework; path = System/Library/Frameworks/JavaScriptCore.framework; sourceTree = SDKROOT; };
		12BC6A52394B48F7891D3D41 /* Poppins-Black.ttf */ = {isa = PBXFileReference; name = "Poppins-Black.ttf"; path = "../src/assets/fonts/Poppins-Black.ttf"; sourceTree = "<group>"; fileEncoding = undefined; lastKnownFileType = unknown; explicitFileType = undefined; includeInIndex = 0; };
		7A630240462444069519413C /* Poppins-Bold.ttf */ = {isa = PBXFileReference; name = "Poppins-Bold.ttf"; path = "../src/assets/fonts/Poppins-Bold.ttf"; sourceTree = "<group>"; fileEncoding = undefined; lastKnownFileType = unknown; explicitFileType = undefined; includeInIndex = 0; };
		0D96FFC3E91343E9BEC71F04 /* Poppins-ExtraBold.ttf */ = {isa = PBXFileReference; name = "Poppins-ExtraBold.ttf"; path = "../src/assets/fonts/Poppins-ExtraBold.ttf"; sourceTree = "<group>"; fileEncoding = undefined; lastKnownFileType = unknown; explicitFileType = undefined; includeInIndex = 0; };
		7D3E68BFED114B568C31312B /* Poppins-ExtraLight.ttf */ = {isa = PBXFileReference; name = "Poppins-ExtraLight.ttf"; path = "../src/assets/fonts/Poppins-ExtraLight.ttf"; sourceTree = "<group>"; fileEncoding = undefined; lastKnownFileType = unknown; explicitFileType = undefined; includeInIndex = 0; };
		F7F3517DDA864FF7A35387E8 /* Poppins-Light.ttf */ = {isa = PBXFileReference; name = "Poppins-Light.ttf"; path = "../src/assets/fonts/Poppins-Light.ttf"; sourceTree = "<group>"; fileEncoding = undefined; lastKnownFileType = unknown; explicitFileType = undefined; includeInIndex = 0; };
		3CADE8E143CE4B6AB57806DA /* Poppins-Medium.ttf */ = {isa = PBXFileReference; name = "Poppins-Medium.ttf"; path = "../src/assets/fonts/Poppins-Medium.ttf"; sourceTree = "<group>"; fileEncoding = undefined; lastKnownFileType = unknown; explicitFileType = undefined; includeInIndex = 0; };
		47EFCA7613D9404F8B7E9E1B /* Poppins-Regular.ttf */ = {isa = PBXFileReference; name = "Poppins-Regular.ttf"; path = "../src/assets/fonts/Poppins-Regular.ttf"; sourceTree = "<group>"; fileEncoding = undefined; lastKnownFileType = unknown; explicitFileType = undefined; includeInIndex = 0; };
		CBC63971473942DD8000BCDE /* Poppins-SemiBold.ttf */ = {isa = PBXFileReference; name = "Poppins-SemiBold.ttf"; path = "../src/assets/fonts/Poppins-SemiBold.ttf"; sourceTree = "<group>"; fileEncoding = undefined; lastKnownFileType = unknown; explicitFileType = undefined; includeInIndex = 0; };
		CDAF6A6D69A147AF9FE0E79E /* Poppins-Thin.ttf */ = {isa = PBXFileReference; name = "Poppins-Thin.ttf"; path = "../src/assets/fonts/Poppins-Thin.ttf"; sourceTree = "<group>"; fileEncoding = undefined; lastKnownFileType = unknown; explicitFileType = undefined; includeInIndex = 0; };
		3EDCE0C0E9BB49C481EDC406 /* app_icons.ttf */ = {isa = PBXFileReference; name = "app_icons.ttf"; path = "../src/assets/fonts/app_icons.ttf"; sourceTree = "<group>"; fileEncoding = undefined; lastKnownFileType = unknown; explicitFileType = undefined; includeInIndex = 0; };
		ADCC37C3275547498D81E9AB /* amazonpay.png */ = {isa = PBXFileReference; name = "amazonpay.png"; path = "../src/assets/app_images/amazonpay.png"; sourceTree = "<group>"; fileEncoding = undefined; lastKnownFileType = unknown; explicitFileType = undefined; includeInIndex = 0; };
		7BBC34513AED45B383616F7D /* applepay.png */ = {isa = PBXFileReference; name = "applepay.png"; path = "../src/assets/app_images/applepay.png"; sourceTree = "<group>"; fileEncoding = undefined; lastKnownFileType = unknown; explicitFileType = undefined; includeInIndex = 0; };
		1945990456FA4BEABBBB924D /* avatar.png */ = {isa = PBXFileReference; name = "avatar.png"; path = "../src/assets/app_images/avatar.png"; sourceTree = "<group>"; fileEncoding = undefined; lastKnownFileType = unknown; explicitFileType = undefined; includeInIndex = 0; };
		FB7FAFCA547846CF838B01A4 /* gpay.png */ = {isa = PBXFileReference; name = "gpay.png"; path = "../src/assets/app_images/gpay.png"; sourceTree = "<group>"; fileEncoding = undefined; lastKnownFileType = unknown; explicitFileType = undefined; includeInIndex = 0; };
		E16E5DAD6BC14583AE705839 /* americano_pic_1_portrait.png */ = {isa = PBXFileReference; name = "americano_pic_1_portrait.png"; path = "../src/assets/coffee_assets/americano/portrait/americano_pic_1_portrait.png"; sourceTree = "<group>"; fileEncoding = undefined; lastKnownFileType = unknown; explicitFileType = undefined; includeInIndex = 0; };
		7DEDBCBA0314457FBDF76825 /* americano_pic_2_portrait.png */ = {isa = PBXFileReference; name = "americano_pic_2_portrait.png"; path = "../src/assets/coffee_assets/americano/portrait/americano_pic_2_portrait.png"; sourceTree = "<group>"; fileEncoding = undefined; lastKnownFileType = unknown; explicitFileType = undefined; includeInIndex = 0; };
		70AEA544693F4D999005CACD /* americano_pic_3_portrait.png */ = {isa = PBXFileReference; name = "americano_pic_3_portrait.png"; path = "../src/assets/coffee_assets/americano/portrait/americano_pic_3_portrait.png"; sourceTree = "<group>"; fileEncoding = undefined; lastKnownFileType = unknown; explicitFileType = undefined; includeInIndex = 0; };
		502BBB56083E4252BCEFBD41 /* americano_pic_1_square.png */ = {isa = PBXFileReference; name = "americano_pic_1_square.png"; path = "../src/assets/coffee_assets/americano/square/americano_pic_1_square.png"; sourceTree = "<group>"; fileEncoding = undefined; lastKnownFileType = unknown; explicitFileType = undefined; includeInIndex = 0; };
		5338CEEDD86647AFBFA0B866 /* americano_pic_2_square.png */ = {isa = PBXFileReference; name = "americano_pic_2_square.png"; path = "../src/assets/coffee_assets/americano/square/americano_pic_2_square.png"; sourceTree = "<group>"; fileEncoding = undefined; lastKnownFileType = unknown; explicitFileType = undefined; includeInIndex = 0; };
		6148AD23D63C470B90BEF587 /* americano_pic_3_square.png */ = {isa = PBXFileReference; name = "americano_pic_3_square.png"; path = "../src/assets/coffee_assets/americano/square/americano_pic_3_square.png"; sourceTree = "<group>"; fileEncoding = undefined; lastKnownFileType = unknown; explicitFileType = undefined; includeInIndex = 0; };
		58F18EBD8DFD456B94A70038 /* arabica_coffee_beans_portrait.png */ = {isa = PBXFileReference; name = "arabica_coffee_beans_portrait.png"; path = "../src/assets/coffee_assets/arabica_coffee_beans/arabica_coffee_beans_portrait.png"; sourceTree = "<group>"; fileEncoding = undefined; lastKnownFileType = unknown; explicitFileType = undefined; includeInIndex = 0; };
		935D6369CA94438F9F6FF72F /* arabica_coffee_beans_square.png */ = {isa = PBXFileReference; name = "arabica_coffee_beans_square.png"; path = "../src/assets/coffee_assets/arabica_coffee_beans/arabica_coffee_beans_square.png"; sourceTree = "<group>"; fileEncoding = undefined; lastKnownFileType = unknown; explicitFileType = undefined; includeInIndex = 0; };
		E419BBEEAB0F4177B95F2755 /* black_coffee_pic_1_portrait.png */ = {isa = PBXFileReference; name = "black_coffee_pic_1_portrait.png"; path = "../src/assets/coffee_assets/black_coffee/portrait/black_coffee_pic_1_portrait.png"; sourceTree = "<group>"; fileEncoding = undefined; lastKnownFileType = unknown; explicitFileType = undefined; includeInIndex = 0; };
		62FF23400AD34EB6B5011DAD /* black_coffee_pic_2_portrait.png */ = {isa = PBXFileReference; name = "black_coffee_pic_2_portrait.png"; path = "../src/assets/coffee_assets/black_coffee/portrait/black_coffee_pic_2_portrait.png"; sourceTree = "<group>"; fileEncoding = undefined; lastKnownFileType = unknown; explicitFileType = undefined; includeInIndex = 0; };
		68CF3109F8794DE89DBE9B9F /* black_coffee_pic_3_portrait.png */ = {isa = PBXFileReference; name = "black_coffee_pic_3_portrait.png"; path = "../src/assets/coffee_assets/black_coffee/portrait/black_coffee_pic_3_portrait.png"; sourceTree = "<group>"; fileEncoding = undefined; lastKnownFileType = unknown; explicitFileType = undefined; includeInIndex = 0; };
		67528277258C4FF4B6B5625D /* black_coffee_pic_1_square.png */ = {isa = PBXFileReference; name = "black_coffee_pic_1_square.png"; path = "../src/assets/coffee_assets/black_coffee/square/black_coffee_pic_1_square.png"; sourceTree = "<group>"; fileEncoding = undefined; lastKnownFileType = unknown; explicitFileType = undefined; includeInIndex = 0; };
		A65039FF2C7B48A4AA530449 /* black_coffee_pic_2_square.png */ = {isa = PBXFileReference; name = "black_coffee_pic_2_square.png"; path = "../src/assets/coffee_assets/black_coffee/square/black_coffee_pic_2_square.png"; sourceTree = "<group>"; fileEncoding = undefined; lastKnownFileType = unknown; explicitFileType = undefined; includeInIndex = 0; };
		DE7E79A72B0449D997BADD05 /* black_coffee_pic_3_square.png */ = {isa = PBXFileReference; name = "black_coffee_pic_3_square.png"; path = "../src/assets/coffee_assets/black_coffee/square/black_coffee_pic_3_square.png"; sourceTree = "<group>"; fileEncoding = undefined; lastKnownFileType = unknown; explicitFileType = undefined; includeInIndex = 0; };
		4D6F2C12721C441BAA5AFF56 /* cappuccino_pic_1_portrait.png */ = {isa = PBXFileReference; name = "cappuccino_pic_1_portrait.png"; path = "../src/assets/coffee_assets/cappuccino/portrait/cappuccino_pic_1_portrait.png"; sourceTree = "<group>"; fileEncoding = undefined; lastKnownFileType = unknown; explicitFileType = undefined; includeInIndex = 0; };
		7EA1530E219E482682BA5825 /* cappuccino_pic_2_portrait.png */ = {isa = PBXFileReference; name = "cappuccino_pic_2_portrait.png"; path = "../src/assets/coffee_assets/cappuccino/portrait/cappuccino_pic_2_portrait.png"; sourceTree = "<group>"; fileEncoding = undefined; lastKnownFileType = unknown; explicitFileType = undefined; includeInIndex = 0; };
		C3215493D94F429C837DAF80 /* cappuccino_pic_3_portrait.png */ = {isa = PBXFileReference; name = "cappuccino_pic_3_portrait.png"; path = "../src/assets/coffee_assets/cappuccino/portrait/cappuccino_pic_3_portrait.png"; sourceTree = "<group>"; fileEncoding = undefined; lastKnownFileType = unknown; explicitFileType = undefined; includeInIndex = 0; };
		36E8935C08934DDAACC07793 /* cappuccino_pic_1_square.png */ = {isa = PBXFileReference; name = "cappuccino_pic_1_square.png"; path = "../src/assets/coffee_assets/cappuccino/square/cappuccino_pic_1_square.png"; sourceTree = "<group>"; fileEncoding = undefined; lastKnownFileType = unknown; explicitFileType = undefined; includeInIndex = 0; };
		842E02E27CCE441FA495437F /* cappuccino_pic_2_square.png */ = {isa = PBXFileReference; name = "cappuccino_pic_2_square.png"; path = "../src/assets/coffee_assets/cappuccino/square/cappuccino_pic_2_square.png"; sourceTree = "<group>"; fileEncoding = undefined; lastKnownFileType = unknown; explicitFileType = undefined; includeInIndex = 0; };
		5944E0182FEC4C58B86FA60F /* cappuccino_pic_3_square.png */ = {isa = PBXFileReference; name = "cappuccino_pic_3_square.png"; path = "../src/assets/coffee_assets/cappuccino/square/cappuccino_pic_3_square.png"; sourceTree = "<group>"; fileEncoding = undefined; lastKnownFileType = unknown; explicitFileType = undefined; includeInIndex = 0; };
		C45FF4D940564EE8839EBC4F /* espresso_pic_1_portrait.png */ = {isa = PBXFileReference; name = "espresso_pic_1_portrait.png"; path = "../src/assets/coffee_assets/espresso/portrait/espresso_pic_1_portrait.png"; sourceTree = "<group>"; fileEncoding = undefined; lastKnownFileType = unknown; explicitFileType = undefined; includeInIndex = 0; };
		F02466DBB60E42C6B3C4EB4E /* espresso_pic_2_portrait.png */ = {isa = PBXFileReference; name = "espresso_pic_2_portrait.png"; path = "../src/assets/coffee_assets/espresso/portrait/espresso_pic_2_portrait.png"; sourceTree = "<group>"; fileEncoding = undefined; lastKnownFileType = unknown; explicitFileType = undefined; includeInIndex = 0; };
		D444D8BF02754A09929C2DAE /* espresso_pic_3_portrait.png */ = {isa = PBXFileReference; name = "espresso_pic_3_portrait.png"; path = "../src/assets/coffee_assets/espresso/portrait/espresso_pic_3_portrait.png"; sourceTree = "<group>"; fileEncoding = undefined; lastKnownFileType = unknown; explicitFileType = undefined; includeInIndex = 0; };
		713CE296F2284FC293B40DC7 /* espresso_pic_1_square.png */ = {isa = PBXFileReference; name = "espresso_pic_1_square.png"; path = "../src/assets/coffee_assets/espresso/square/espresso_pic_1_square.png"; sourceTree = "<group>"; fileEncoding = undefined; lastKnownFileType = unknown; explicitFileType = undefined; includeInIndex = 0; };
		9B92B51FDC2B4EE5A9F78C6E /* espresso_pic_2_square.png */ = {isa = PBXFileReference; name = "espresso_pic_2_square.png"; path = "../src/assets/coffee_assets/espresso/square/espresso_pic_2_square.png"; sourceTree = "<group>"; fileEncoding = undefined; lastKnownFileType = unknown; explicitFileType = undefined; includeInIndex = 0; };
		FC003DD9076C4C4E920B73EA /* espresso_pic_3_square.png */ = {isa = PBXFileReference; name = "espresso_pic_3_square.png"; path = "../src/assets/coffee_assets/espresso/square/espresso_pic_3_square.png"; sourceTree = "<group>"; fileEncoding = undefined; lastKnownFileType = unknown; explicitFileType = undefined; includeInIndex = 0; };
		9155B1AF607F43CAA43251F5 /* excelsa_coffee_beans_portrait.png */ = {isa = PBXFileReference; name = "excelsa_coffee_beans_portrait.png"; path = "../src/assets/coffee_assets/excelsa_coffee_beans/excelsa_coffee_beans_portrait.png"; sourceTree = "<group>"; fileEncoding = undefined; lastKnownFileType = unknown; explicitFileType = undefined; includeInIndex = 0; };
		BD67B26E5F064044BB15ACBB /* excelsa_coffee_beans_square.png */ = {isa = PBXFileReference; name = "excelsa_coffee_beans_square.png"; path = "../src/assets/coffee_assets/excelsa_coffee_beans/excelsa_coffee_beans_square.png"; sourceTree = "<group>"; fileEncoding = undefined; lastKnownFileType = unknown; explicitFileType = undefined; includeInIndex = 0; };
		DE6EE52A373D4FD9B1D50512 /* latte_pic_1_portrait.png */ = {isa = PBXFileReference; name = "latte_pic_1_portrait.png"; path = "../src/assets/coffee_assets/latte/portrait/latte_pic_1_portrait.png"; sourceTree = "<group>"; fileEncoding = undefined; lastKnownFileType = unknown; explicitFileType = undefined; includeInIndex = 0; };
		CB8802D92F224F7CB1B7A8FD /* latte_pic_2_portrait.png */ = {isa = PBXFileReference; name = "latte_pic_2_portrait.png"; path = "../src/assets/coffee_assets/latte/portrait/latte_pic_2_portrait.png"; sourceTree = "<group>"; fileEncoding = undefined; lastKnownFileType = unknown; explicitFileType = undefined; includeInIndex = 0; };
		6C31DD3D00444C30BDECF08C /* latte_pic_3_portrait.png */ = {isa = PBXFileReference; name = "latte_pic_3_portrait.png"; path = "../src/assets/coffee_assets/latte/portrait/latte_pic_3_portrait.png"; sourceTree = "<group>"; fileEncoding = undefined; lastKnownFileType = unknown; explicitFileType = undefined; includeInIndex = 0; };
		F60C7F4D3BD2404D94C48CEE /* latte_pic_1_square.png */ = {isa = PBXFileReference; name = "latte_pic_1_square.png"; path = "../src/assets/coffee_assets/latte/square/latte_pic_1_square.png"; sourceTree = "<group>"; fileEncoding = undefined; lastKnownFileType = unknown; explicitFileType = undefined; includeInIndex = 0; };
		1ABBD6F7FB164745B3C6D86E /* latte_pic_2_square.png */ = {isa = PBXFileReference; name = "latte_pic_2_square.png"; path = "../src/assets/coffee_assets/latte/square/latte_pic_2_square.png"; sourceTree = "<group>"; fileEncoding = undefined; lastKnownFileType = unknown; explicitFileType = undefined; includeInIndex = 0; };
		81E4B2A09A2B4BC2B4D5819D /* latte_pic_3_square.png */ = {isa = PBXFileReference; name = "latte_pic_3_square.png"; path = "../src/assets/coffee_assets/latte/square/latte_pic_3_square.png"; sourceTree = "<group>"; fileEncoding = undefined; lastKnownFileType = unknown; explicitFileType = undefined; includeInIndex = 0; };
		2959E7DCDD584DFEA1964DB2 /* liberica_coffee_beans_portrait.png */ = {isa = PBXFileReference; name = "liberica_coffee_beans_portrait.png"; path = "../src/assets/coffee_assets/liberica_coffee_beans/liberica_coffee_beans_portrait.png"; sourceTree = "<group>"; fileEncoding = undefined; lastKnownFileType = unknown; explicitFileType = undefined; includeInIndex = 0; };
		ED8AC4CF010C47A1B0F82454 /* liberica_coffee_beans_square.png */ = {isa = PBXFileReference; name = "liberica_coffee_beans_square.png"; path = "../src/assets/coffee_assets/liberica_coffee_beans/liberica_coffee_beans_square.png"; sourceTree = "<group>"; fileEncoding = undefined; lastKnownFileType = unknown; explicitFileType = undefined; includeInIndex = 0; };
		D895283E0F2A4DC2AE8A9CA9 /* macchiato_pic_1_portrait.png */ = {isa = PBXFileReference; name = "macchiato_pic_1_portrait.png"; path = "../src/assets/coffee_assets/macchiato/portrait/macchiato_pic_1_portrait.png"; sourceTree = "<group>"; fileEncoding = undefined; lastKnownFileType = unknown; explicitFileType = undefined; includeInIndex = 0; };
		766C32270B144BF4A233925B /* macchiato_pic_2_portrait.png */ = {isa = PBXFileReference; name = "macchiato_pic_2_portrait.png"; path = "../src/assets/coffee_assets/macchiato/portrait/macchiato_pic_2_portrait.png"; sourceTree = "<group>"; fileEncoding = undefined; lastKnownFileType = unknown; explicitFileType = undefined; includeInIndex = 0; };
		D492FD039F3D44BABBBEB9CC /* macchiato_pic_3_portrait.png */ = {isa = PBXFileReference; name = "macchiato_pic_3_portrait.png"; path = "../src/assets/coffee_assets/macchiato/portrait/macchiato_pic_3_portrait.png"; sourceTree = "<group>"; fileEncoding = undefined; lastKnownFileType = unknown; explicitFileType = undefined; includeInIndex = 0; };
		1A5E6C318DEB43E8A27FB455 /* macchiato_pic_1_square.png */ = {isa = PBXFileReference; name = "macchiato_pic_1_square.png"; path = "../src/assets/coffee_assets/macchiato/square/macchiato_pic_1_square.png"; sourceTree = "<group>"; fileEncoding = undefined; lastKnownFileType = unknown; explicitFileType = undefined; includeInIndex = 0; };
		1F2041F5C7874245B5651032 /* macchiato_pic_2_square.png */ = {isa = PBXFileReference; name = "macchiato_pic_2_square.png"; path = "../src/assets/coffee_assets/macchiato/square/macchiato_pic_2_square.png"; sourceTree = "<group>"; fileEncoding = undefined; lastKnownFileType = unknown; explicitFileType = undefined; includeInIndex = 0; };
		3F13CEB6BE2D4B7AB2EAA7E2 /* macchiato_pic_3_square.png */ = {isa = PBXFileReference; name = "macchiato_pic_3_square.png"; path = "../src/assets/coffee_assets/macchiato/square/macchiato_pic_3_square.png"; sourceTree = "<group>"; fileEncoding = undefined; lastKnownFileType = unknown; explicitFileType = undefined; includeInIndex = 0; };
		757A61B6208545ADA59C8A9F /* robusta_coffee_beans_portrait.png */ = {isa = PBXFileReference; name = "robusta_coffee_beans_portrait.png"; path = "../src/assets/coffee_assets/robusta_coffee_beans/robusta_coffee_beans_portrait.png"; sourceTree = "<group>"; fileEncoding = undefined; lastKnownFileType = unknown; explicitFileType = undefined; includeInIndex = 0; };
		B5DCE31A0F7F4050809427D0 /* robusta_coffee_beans_square.png */ = {isa = PBXFileReference; name = "robusta_coffee_beans_square.png"; path = "../src/assets/coffee_assets/robusta_coffee_beans/robusta_coffee_beans_square.png"; sourceTree = "<group>"; fileEncoding = undefined; lastKnownFileType = unknown; explicitFileType = undefined; includeInIndex = 0; };
/* End PBXFileReference section */

/* Begin PBXFrameworksBuildPhase section */
		00E356EB1AD99517003FC87E /* Frameworks */ = {
			isa = PBXFrameworksBuildPhase;
			buildActionMask = 2147483647;
			files = (
				7699B88040F8A987B510C191 /* libPods-Coffe_Shope-Coffe_ShopeTests.a in Frameworks */,
			);
			runOnlyForDeploymentPostprocessing = 0;
		};
		13B07F8C1A680F5B00A75B9A /* Frameworks */ = {
			isa = PBXFrameworksBuildPhase;
			buildActionMask = 2147483647;
			files = (
				0C80B921A6F3F58F76C31292 /* libPods-Coffe_Shope.a in Frameworks */,
			);
			runOnlyForDeploymentPostprocessing = 0;
		};
/* End PBXFrameworksBuildPhase section */

/* Begin PBXGroup section */
		00E356EF1AD99517003FC87E /* Coffe_ShopeTests */ = {
			isa = PBXGroup;
			children = (
				00E356F21AD99517003FC87E /* Coffe_ShopeTests.m */,
				00E356F01AD99517003FC87E /* Supporting Files */,
			);
			path = Coffe_ShopeTests;
			sourceTree = "<group>";
		};
		00E356F01AD99517003FC87E /* Supporting Files */ = {
			isa = PBXGroup;
			children = (
				00E356F11AD99517003FC87E /* Info.plist */,
			);
			name = "Supporting Files";
			sourceTree = "<group>";
		};
		13B07FAE1A68108700A75B9A /* Coffe_Shope */ = {
			isa = PBXGroup;
			children = (
				13B07FAF1A68108700A75B9A /* AppDelegate.h */,
				13B07FB01A68108700A75B9A /* AppDelegate.mm */,
				13B07FB51A68108700A75B9A /* Images.xcassets */,
				13B07FB61A68108700A75B9A /* Info.plist */,
				81AB9BB72411601600AC10FF /* LaunchScreen.storyboard */,
				13B07FB71A68108700A75B9A /* main.m */,
			);
			name = Coffe_Shope;
			sourceTree = "<group>";
		};
		2D16E6871FA4F8E400B85C8A /* Frameworks */ = {
			isa = PBXGroup;
			children = (
				ED297162215061F000B7C4FE /* JavaScriptCore.framework */,
				5DCACB8F33CDC322A6C60F78 /* libPods-Coffe_Shope.a */,
				19F6CBCC0A4E27FBF8BF4A61 /* libPods-Coffe_Shope-Coffe_ShopeTests.a */,
			);
			name = Frameworks;
			sourceTree = "<group>";
		};
		832341AE1AAA6A7D00B99B32 /* Libraries */ = {
			isa = PBXGroup;
			children = (
			);
			name = Libraries;
			sourceTree = "<group>";
		};
		83CBB9F61A601CBA00E9B192 = {
			isa = PBXGroup;
			children = (
				13B07FAE1A68108700A75B9A /* Coffe_Shope */,
				832341AE1AAA6A7D00B99B32 /* Libraries */,
				00E356EF1AD99517003FC87E /* Coffe_ShopeTests */,
				83CBBA001A601CBA00E9B192 /* Products */,
				2D16E6871FA4F8E400B85C8A /* Frameworks */,
				BBD78D7AC51CEA395F1C20DB /* Pods */,
				269E0E6B85B445CEB3762355 /* Resources */,
			);
			indentWidth = 2;
			sourceTree = "<group>";
			tabWidth = 2;
			usesTabs = 0;
		};
		83CBBA001A601CBA00E9B192 /* Products */ = {
			isa = PBXGroup;
			children = (
				13B07F961A680F5B00A75B9A /* Coffe_Shope.app */,
				00E356EE1AD99517003FC87E /* Coffe_ShopeTests.xctest */,
			);
			name = Products;
			sourceTree = "<group>";
		};
		BBD78D7AC51CEA395F1C20DB /* Pods */ = {
			isa = PBXGroup;
			children = (
				3B4392A12AC88292D35C810B /* Pods-Coffe_Shope.debug.xcconfig */,
				5709B34CF0A7D63546082F79 /* Pods-Coffe_Shope.release.xcconfig */,
				5B7EB9410499542E8C5724F5 /* Pods-Coffe_Shope-Coffe_ShopeTests.debug.xcconfig */,
				89C6BE57DB24E9ADA2F236DE /* Pods-Coffe_Shope-Coffe_ShopeTests.release.xcconfig */,
			);
			path = Pods;
			sourceTree = "<group>";
		};
		269E0E6B85B445CEB3762355 /* Resources */ = {
			isa = "PBXGroup";
			children = (
				12BC6A52394B48F7891D3D41 /* Poppins-Black.ttf */,
				7A630240462444069519413C /* Poppins-Bold.ttf */,
				0D96FFC3E91343E9BEC71F04 /* Poppins-ExtraBold.ttf */,
				7D3E68BFED114B568C31312B /* Poppins-ExtraLight.ttf */,
				F7F3517DDA864FF7A35387E8 /* Poppins-Light.ttf */,
				3CADE8E143CE4B6AB57806DA /* Poppins-Medium.ttf */,
				47EFCA7613D9404F8B7E9E1B /* Poppins-Regular.ttf */,
				CBC63971473942DD8000BCDE /* Poppins-SemiBold.ttf */,
				CDAF6A6D69A147AF9FE0E79E /* Poppins-Thin.ttf */,
				3EDCE0C0E9BB49C481EDC406 /* app_icons.ttf */,
				ADCC37C3275547498D81E9AB /* amazonpay.png */,
				7BBC34513AED45B383616F7D /* applepay.png */,
				1945990456FA4BEABBBB924D /* avatar.png */,
				FB7FAFCA547846CF838B01A4 /* gpay.png */,
				E16E5DAD6BC14583AE705839 /* americano_pic_1_portrait.png */,
				7DEDBCBA0314457FBDF76825 /* americano_pic_2_portrait.png */,
				70AEA544693F4D999005CACD /* americano_pic_3_portrait.png */,
				502BBB56083E4252BCEFBD41 /* americano_pic_1_square.png */,
				5338CEEDD86647AFBFA0B866 /* americano_pic_2_square.png */,
				6148AD23D63C470B90BEF587 /* americano_pic_3_square.png */,
				58F18EBD8DFD456B94A70038 /* arabica_coffee_beans_portrait.png */,
				935D6369CA94438F9F6FF72F /* arabica_coffee_beans_square.png */,
				E419BBEEAB0F4177B95F2755 /* black_coffee_pic_1_portrait.png */,
				62FF23400AD34EB6B5011DAD /* black_coffee_pic_2_portrait.png */,
				68CF3109F8794DE89DBE9B9F /* black_coffee_pic_3_portrait.png */,
				67528277258C4FF4B6B5625D /* black_coffee_pic_1_square.png */,
				A65039FF2C7B48A4AA530449 /* black_coffee_pic_2_square.png */,
				DE7E79A72B0449D997BADD05 /* black_coffee_pic_3_square.png */,
				4D6F2C12721C441BAA5AFF56 /* cappuccino_pic_1_portrait.png */,
				7EA1530E219E482682BA5825 /* cappuccino_pic_2_portrait.png */,
				C3215493D94F429C837DAF80 /* cappuccino_pic_3_portrait.png */,
				36E8935C08934DDAACC07793 /* cappuccino_pic_1_square.png */,
				842E02E27CCE441FA495437F /* cappuccino_pic_2_square.png */,
				5944E0182FEC4C58B86FA60F /* cappuccino_pic_3_square.png */,
				C45FF4D940564EE8839EBC4F /* espresso_pic_1_portrait.png */,
				F02466DBB60E42C6B3C4EB4E /* espresso_pic_2_portrait.png */,
				D444D8BF02754A09929C2DAE /* espresso_pic_3_portrait.png */,
				713CE296F2284FC293B40DC7 /* espresso_pic_1_square.png */,
				9B92B51FDC2B4EE5A9F78C6E /* espresso_pic_2_square.png */,
				FC003DD9076C4C4E920B73EA /* espresso_pic_3_square.png */,
				9155B1AF607F43CAA43251F5 /* excelsa_coffee_beans_portrait.png */,
				BD67B26E5F064044BB15ACBB /* excelsa_coffee_beans_square.png */,
				DE6EE52A373D4FD9B1D50512 /* latte_pic_1_portrait.png */,
				CB8802D92F224F7CB1B7A8FD /* latte_pic_2_portrait.png */,
				6C31DD3D00444C30BDECF08C /* latte_pic_3_portrait.png */,
				F60C7F4D3BD2404D94C48CEE /* latte_pic_1_square.png */,
				1ABBD6F7FB164745B3C6D86E /* latte_pic_2_square.png */,
				81E4B2A09A2B4BC2B4D5819D /* latte_pic_3_square.png */,
				2959E7DCDD584DFEA1964DB2 /* liberica_coffee_beans_portrait.png */,
				ED8AC4CF010C47A1B0F82454 /* liberica_coffee_beans_square.png */,
				D895283E0F2A4DC2AE8A9CA9 /* macchiato_pic_1_portrait.png */,
				766C32270B144BF4A233925B /* macchiato_pic_2_portrait.png */,
				D492FD039F3D44BABBBEB9CC /* macchiato_pic_3_portrait.png */,
				1A5E6C318DEB43E8A27FB455 /* macchiato_pic_1_square.png */,
				1F2041F5C7874245B5651032 /* macchiato_pic_2_square.png */,
				3F13CEB6BE2D4B7AB2EAA7E2 /* macchiato_pic_3_square.png */,
				757A61B6208545ADA59C8A9F /* robusta_coffee_beans_portrait.png */,
				B5DCE31A0F7F4050809427D0 /* robusta_coffee_beans_square.png */,
			);
			name = Resources;
			sourceTree = "<group>";
			path = "";
		};
/* End PBXGroup section */

/* Begin PBXNativeTarget section */
		00E356ED1AD99517003FC87E /* Coffe_ShopeTests */ = {
			isa = PBXNativeTarget;
			buildConfigurationList = 00E357021AD99517003FC87E /* Build configuration list for PBXNativeTarget "Coffe_ShopeTests" */;
			buildPhases = (
				A55EABD7B0C7F3A422A6CC61 /* [CP] Check Pods Manifest.lock */,
				00E356EA1AD99517003FC87E /* Sources */,
				00E356EB1AD99517003FC87E /* Frameworks */,
				00E356EC1AD99517003FC87E /* Resources */,
				C59DA0FBD6956966B86A3779 /* [CP] Embed Pods Frameworks */,
				F6A41C54EA430FDDC6A6ED99 /* [CP] Copy Pods Resources */,
			);
			buildRules = (
			);
			dependencies = (
				00E356F51AD99517003FC87E /* PBXTargetDependency */,
			);
			name = Coffe_ShopeTests;
			productName = Coffe_ShopeTests;
			productReference = 00E356EE1AD99517003FC87E /* Coffe_ShopeTests.xctest */;
			productType = "com.apple.product-type.bundle.unit-test";
		};
		13B07F861A680F5B00A75B9A /* Coffe_Shope */ = {
			isa = PBXNativeTarget;
			buildConfigurationList = 13B07F931A680F5B00A75B9A /* Build configuration list for PBXNativeTarget "Coffe_Shope" */;
			buildPhases = (
				C38B50BA6285516D6DCD4F65 /* [CP] Check Pods Manifest.lock */,
				FD10A7F022414F080027D42C /* Start Packager */,
				13B07F871A680F5B00A75B9A /* Sources */,
				13B07F8C1A680F5B00A75B9A /* Frameworks */,
				13B07F8E1A680F5B00A75B9A /* Resources */,
				00DD1BFF1BD5951E006B06BC /* Bundle React Native code and images */,
				00EEFC60759A1932668264C0 /* [CP] Embed Pods Frameworks */,
				E235C05ADACE081382539298 /* [CP] Copy Pods Resources */,
			);
			buildRules = (
			);
			dependencies = (
			);
			name = Coffe_Shope;
			productName = Coffe_Shope;
			productReference = 13B07F961A680F5B00A75B9A /* Coffe_Shope.app */;
			productType = "com.apple.product-type.application";
		};
/* End PBXNativeTarget section */

/* Begin PBXProject section */
		83CBB9F71A601CBA00E9B192 /* Project object */ = {
			isa = PBXProject;
			attributes = {
				LastUpgradeCheck = 1210;
				TargetAttributes = {
					00E356ED1AD99517003FC87E = {
						CreatedOnToolsVersion = 6.2;
						TestTargetID = 13B07F861A680F5B00A75B9A;
					};
					13B07F861A680F5B00A75B9A = {
						LastSwiftMigration = 1120;
					};
				};
			};
			buildConfigurationList = 83CBB9FA1A601CBA00E9B192 /* Build configuration list for PBXProject "Coffe_Shope" */;
			compatibilityVersion = "Xcode 12.0";
			developmentRegion = en;
			hasScannedForEncodings = 0;
			knownRegions = (
				en,
				Base,
			);
			mainGroup = 83CBB9F61A601CBA00E9B192;
			productRefGroup = 83CBBA001A601CBA00E9B192 /* Products */;
			projectDirPath = "";
			projectRoot = "";
			targets = (
				13B07F861A680F5B00A75B9A /* Coffe_Shope */,
				00E356ED1AD99517003FC87E /* Coffe_ShopeTests */,
			);
		};
/* End PBXProject section */

/* Begin PBXResourcesBuildPhase section */
		00E356EC1AD99517003FC87E /* Resources */ = {
			isa = PBXResourcesBuildPhase;
			buildActionMask = 2147483647;
			files = (
			);
			runOnlyForDeploymentPostprocessing = 0;
		};
		13B07F8E1A680F5B00A75B9A /* Resources */ = {
			isa = PBXResourcesBuildPhase;
			buildActionMask = 2147483647;
			files = (
				81AB9BB82411601600AC10FF /* LaunchScreen.storyboard in Resources */,
				13B07FBF1A68108700A75B9A /* Images.xcassets in Resources */,
				2FC51DC733644E0B8B0662C4 /* Poppins-Black.ttf in Resources */,
				C28309A8A6B7459084DFD7CD /* Poppins-Bold.ttf in Resources */,
				38026EDE873C473087EBE866 /* Poppins-ExtraBold.ttf in Resources */,
				72D6785A77E3472699A5336F /* Poppins-ExtraLight.ttf in Resources */,
				2A3842D5E2CC4861810AA360 /* Poppins-Light.ttf in Resources */,
				9EDA6F3798AB4860A76E204B /* Poppins-Medium.ttf in Resources */,
				A5D4D21925CD49AA9D3DF082 /* Poppins-Regular.ttf in Resources */,
				06E05CC797624DB5BE101291 /* Poppins-SemiBold.ttf in Resources */,
				C0B7DF3B4B224E4BBE42B28E /* Poppins-Thin.ttf in Resources */,
				58146887308C4AECB13479BB /* app_icons.ttf in Resources */,
				149D060371CD4EEF88540DDE /* amazonpay.png in Resources */,
				960DF2AFED0A4D5ABB4958FC /* applepay.png in Resources */,
				64727F66062741A18E33A142 /* avatar.png in Resources */,
				5F1A986AE1974BAAB60E4D81 /* gpay.png in Resources */,
				0EE74807CAC3481D9222727C /* americano_pic_1_portrait.png in Resources */,
				4830F4196D5B4CF79A004BC4 /* americano_pic_2_portrait.png in Resources */,
				6338A8FD7D884349AD0A80CC /* americano_pic_3_portrait.png in Resources */,
				54967F8EF3EA4663A3468B2E /* americano_pic_1_square.png in Resources */,
				8C72AB939A27496382570A7C /* americano_pic_2_square.png in Resources */,
				4FC8A4ED75D848749AA09C0E /* americano_pic_3_square.png in Resources */,
				AC17163E27C04D0A9474A0C7 /* arabica_coffee_beans_portrait.png in Resources */,
				9408C1A6D8DD44B0B3B298C4 /* arabica_coffee_beans_square.png in Resources */,
				B233512CD0AB4B56875736BE /* black_coffee_pic_1_portrait.png in Resources */,
				CB0EF0061B794F3394451641 /* black_coffee_pic_2_portrait.png in Resources */,
				EE395F4F2FF8427E9A0AABE5 /* black_coffee_pic_3_portrait.png in Resources */,
				CF327686BE6D43B986D7CD94 /* black_coffee_pic_1_square.png in Resources */,
				87FB5A5E4EEC4C4781783D3F /* black_coffee_pic_2_square.png in Resources */,
				482A963C0CC84D35B0D2F18E /* black_coffee_pic_3_square.png in Resources */,
				4E0421D9E646475CAC528164 /* cappuccino_pic_1_portrait.png in Resources */,
				250B6E1555D54DBA9D7462E3 /* cappuccino_pic_2_portrait.png in Resources */,
				12980A60DF7941A18C6F8036 /* cappuccino_pic_3_portrait.png in Resources */,
				5473EF46E8EC466AB7849DD8 /* cappuccino_pic_1_square.png in Resources */,
				C41D3649030E45D28F0E2531 /* cappuccino_pic_2_square.png in Resources */,
				4B2F6F614B904B3780EE3B3E /* cappuccino_pic_3_square.png in Resources */,
				79F023B0B0294662AC635284 /* espresso_pic_1_portrait.png in Resources */,
				9A9BB194D8884CB49E546144 /* espresso_pic_2_portrait.png in Resources */,
				40EA26267449464F91B5AA88 /* espresso_pic_3_portrait.png in Resources */,
				20638AE3BC294FE9BEC7BF5B /* espresso_pic_1_square.png in Resources */,
				CE83BD63E9704ED0B9324774 /* espresso_pic_2_square.png in Resources */,
				674D1EF49B194816A5C7D8F1 /* espresso_pic_3_square.png in Resources */,
				A428CD502BED439FB0DA9899 /* excelsa_coffee_beans_portrait.png in Resources */,
				29FEC027865D491689388B29 /* excelsa_coffee_beans_square.png in Resources */,
				8848C8F3B7CE47DDAF412603 /* latte_pic_1_portrait.png in Resources */,
				1ED23C36572A493C8D84E2B3 /* latte_pic_2_portrait.png in Resources */,
				C11EA83F7461454DBDA670A3 /* latte_pic_3_portrait.png in Resources */,
				82AB8DC9612543BA8F9F67D9 /* latte_pic_1_square.png in Resources */,
				998C720254924901B96DC764 /* latte_pic_2_square.png in Resources */,
				0FAE56C0D043496BA9B5ECB4 /* latte_pic_3_square.png in Resources */,
				CAF806496ED24262A49B5EAA /* liberica_coffee_beans_portrait.png in Resources */,
				3D6A7832F7F348ABAA1C132C /* liberica_coffee_beans_square.png in Resources */,
				2A3D70B3F1D04264BE634E2F /* macchiato_pic_1_portrait.png in Resources */,
				21A46A6AD8EF4688AF8EDF37 /* macchiato_pic_2_portrait.png in Resources */,
				1F4E8ECB14134339A331FBF0 /* macchiato_pic_3_portrait.png in Resources */,
				359A46D9A7674E85A155406D /* macchiato_pic_1_square.png in Resources */,
				E5B536E8A23B4D8DB9A2F1F6 /* macchiato_pic_2_square.png in Resources */,
				751D0B38C25B4C67A7F269FD /* macchiato_pic_3_square.png in Resources */,
				820EF725F6FE40279192BFAB /* robusta_coffee_beans_portrait.png in Resources */,
				F487AE0A4C0E424AB5072929 /* robusta_coffee_beans_square.png in Resources */,
			);
			runOnlyForDeploymentPostprocessing = 0;
		};
/* End PBXResourcesBuildPhase section */

/* Begin PBXShellScriptBuildPhase section */
		00DD1BFF1BD5951E006B06BC /* Bundle React Native code and images */ = {
			isa = PBXShellScriptBuildPhase;
			buildActionMask = 2147483647;
			files = (
			);
			inputPaths = (
				"$(SRCROOT)/.xcode.env.local",
				"$(SRCROOT)/.xcode.env",
			);
			name = "Bundle React Native code and images";
			outputPaths = (
			);
			runOnlyForDeploymentPostprocessing = 0;
			shellPath = /bin/sh;
			shellScript = "set -e\n\nWITH_ENVIRONMENT=\"../node_modules/react-native/scripts/xcode/with-environment.sh\"\nREACT_NATIVE_XCODE=\"../node_modules/react-native/scripts/react-native-xcode.sh\"\n\n/bin/sh -c \"$WITH_ENVIRONMENT $REACT_NATIVE_XCODE\"\n";
		};
		00EEFC60759A1932668264C0 /* [CP] Embed Pods Frameworks */ = {
			isa = PBXShellScriptBuildPhase;
			buildActionMask = 2147483647;
			files = (
			);
			inputFileListPaths = (
				"${PODS_ROOT}/Target Support Files/Pods-Coffe_Shope/Pods-Coffe_Shope-frameworks-${CONFIGURATION}-input-files.xcfilelist",
			);
			name = "[CP] Embed Pods Frameworks";
			outputFileListPaths = (
				"${PODS_ROOT}/Target Support Files/Pods-Coffe_Shope/Pods-Coffe_Shope-frameworks-${CONFIGURATION}-output-files.xcfilelist",
			);
			runOnlyForDeploymentPostprocessing = 0;
			shellPath = /bin/sh;
			shellScript = "\"${PODS_ROOT}/Target Support Files/Pods-Coffe_Shope/Pods-Coffe_Shope-frameworks.sh\"\n";
			showEnvVarsInLog = 0;
		};
		A55EABD7B0C7F3A422A6CC61 /* [CP] Check Pods Manifest.lock */ = {
			isa = PBXShellScriptBuildPhase;
			buildActionMask = 2147483647;
			files = (
			);
			inputFileListPaths = (
			);
			inputPaths = (
				"${PODS_PODFILE_DIR_PATH}/Podfile.lock",
				"${PODS_ROOT}/Manifest.lock",
			);
			name = "[CP] Check Pods Manifest.lock";
			outputFileListPaths = (
			);
			outputPaths = (
				"$(DERIVED_FILE_DIR)/Pods-Coffe_Shope-Coffe_ShopeTests-checkManifestLockResult.txt",
			);
			runOnlyForDeploymentPostprocessing = 0;
			shellPath = /bin/sh;
			shellScript = "diff \"${PODS_PODFILE_DIR_PATH}/Podfile.lock\" \"${PODS_ROOT}/Manifest.lock\" > /dev/null\nif [ $? != 0 ] ; then\n    # print error to STDERR\n    echo \"error: The sandbox is not in sync with the Podfile.lock. Run 'pod install' or update your CocoaPods installation.\" >&2\n    exit 1\nfi\n# This output is used by Xcode 'outputs' to avoid re-running this script phase.\necho \"SUCCESS\" > \"${SCRIPT_OUTPUT_FILE_0}\"\n";
			showEnvVarsInLog = 0;
		};
		C38B50BA6285516D6DCD4F65 /* [CP] Check Pods Manifest.lock */ = {
			isa = PBXShellScriptBuildPhase;
			buildActionMask = 2147483647;
			files = (
			);
			inputFileListPaths = (
			);
			inputPaths = (
				"${PODS_PODFILE_DIR_PATH}/Podfile.lock",
				"${PODS_ROOT}/Manifest.lock",
			);
			name = "[CP] Check Pods Manifest.lock";
			outputFileListPaths = (
			);
			outputPaths = (
				"$(DERIVED_FILE_DIR)/Pods-Coffe_Shope-checkManifestLockResult.txt",
			);
			runOnlyForDeploymentPostprocessing = 0;
			shellPath = /bin/sh;
			shellScript = "diff \"${PODS_PODFILE_DIR_PATH}/Podfile.lock\" \"${PODS_ROOT}/Manifest.lock\" > /dev/null\nif [ $? != 0 ] ; then\n    # print error to STDERR\n    echo \"error: The sandbox is not in sync with the Podfile.lock. Run 'pod install' or update your CocoaPods installation.\" >&2\n    exit 1\nfi\n# This output is used by Xcode 'outputs' to avoid re-running this script phase.\necho \"SUCCESS\" > \"${SCRIPT_OUTPUT_FILE_0}\"\n";
			showEnvVarsInLog = 0;
		};
		C59DA0FBD6956966B86A3779 /* [CP] Embed Pods Frameworks */ = {
			isa = PBXShellScriptBuildPhase;
			buildActionMask = 2147483647;
			files = (
			);
			inputFileListPaths = (
				"${PODS_ROOT}/Target Support Files/Pods-Coffe_Shope-Coffe_ShopeTests/Pods-Coffe_Shope-Coffe_ShopeTests-frameworks-${CONFIGURATION}-input-files.xcfilelist",
			);
			name = "[CP] Embed Pods Frameworks";
			outputFileListPaths = (
				"${PODS_ROOT}/Target Support Files/Pods-Coffe_Shope-Coffe_ShopeTests/Pods-Coffe_Shope-Coffe_ShopeTests-frameworks-${CONFIGURATION}-output-files.xcfilelist",
			);
			runOnlyForDeploymentPostprocessing = 0;
			shellPath = /bin/sh;
			shellScript = "\"${PODS_ROOT}/Target Support Files/Pods-Coffe_Shope-Coffe_ShopeTests/Pods-Coffe_Shope-Coffe_ShopeTests-frameworks.sh\"\n";
			showEnvVarsInLog = 0;
		};
		E235C05ADACE081382539298 /* [CP] Copy Pods Resources */ = {
			isa = PBXShellScriptBuildPhase;
			buildActionMask = 2147483647;
			files = (
			);
			inputFileListPaths = (
				"${PODS_ROOT}/Target Support Files/Pods-Coffe_Shope/Pods-Coffe_Shope-resources-${CONFIGURATION}-input-files.xcfilelist",
			);
			name = "[CP] Copy Pods Resources";
			outputFileListPaths = (
				"${PODS_ROOT}/Target Support Files/Pods-Coffe_Shope/Pods-Coffe_Shope-resources-${CONFIGURATION}-output-files.xcfilelist",
			);
			runOnlyForDeploymentPostprocessing = 0;
			shellPath = /bin/sh;
			shellScript = "\"${PODS_ROOT}/Target Support Files/Pods-Coffe_Shope/Pods-Coffe_Shope-resources.sh\"\n";
			showEnvVarsInLog = 0;
		};
		F6A41C54EA430FDDC6A6ED99 /* [CP] Copy Pods Resources */ = {
			isa = PBXShellScriptBuildPhase;
			buildActionMask = 2147483647;
			files = (
			);
			inputFileListPaths = (
				"${PODS_ROOT}/Target Support Files/Pods-Coffe_Shope-Coffe_ShopeTests/Pods-Coffe_Shope-Coffe_ShopeTests-resources-${CONFIGURATION}-input-files.xcfilelist",
			);
			name = "[CP] Copy Pods Resources";
			outputFileListPaths = (
				"${PODS_ROOT}/Target Support Files/Pods-Coffe_Shope-Coffe_ShopeTests/Pods-Coffe_Shope-Coffe_ShopeTests-resources-${CONFIGURATION}-output-files.xcfilelist",
			);
			runOnlyForDeploymentPostprocessing = 0;
			shellPath = /bin/sh;
			shellScript = "\"${PODS_ROOT}/Target Support Files/Pods-Coffe_Shope-Coffe_ShopeTests/Pods-Coffe_Shope-Coffe_ShopeTests-resources.sh\"\n";
			showEnvVarsInLog = 0;
		};
		FD10A7F022414F080027D42C /* Start Packager */ = {
			isa = PBXShellScriptBuildPhase;
			buildActionMask = 2147483647;
			files = (
			);
			inputFileListPaths = (
			);
			inputPaths = (
			);
			name = "Start Packager";
			outputFileListPaths = (
			);
			outputPaths = (
			);
			runOnlyForDeploymentPostprocessing = 0;
			shellPath = /bin/sh;
			shellScript = "export RCT_METRO_PORT=\"${RCT_METRO_PORT:=8081}\"\necho \"export RCT_METRO_PORT=${RCT_METRO_PORT}\" > \"${SRCROOT}/../node_modules/react-native/scripts/.packager.env\"\nif [ -z \"${RCT_NO_LAUNCH_PACKAGER+xxx}\" ] ; then\n  if nc -w 5 -z localhost ${RCT_METRO_PORT} ; then\n    if ! curl -s \"http://localhost:${RCT_METRO_PORT}/status\" | grep -q \"packager-status:running\" ; then\n      echo \"Port ${RCT_METRO_PORT} already in use, packager is either not running or not running correctly\"\n      exit 2\n    fi\n  else\n    open \"$SRCROOT/../node_modules/react-native/scripts/launchPackager.command\" || echo \"Can't start packager automatically\"\n  fi\nfi\n";
			showEnvVarsInLog = 0;
		};
/* End PBXShellScriptBuildPhase section */

/* Begin PBXSourcesBuildPhase section */
		00E356EA1AD99517003FC87E /* Sources */ = {
			isa = PBXSourcesBuildPhase;
			buildActionMask = 2147483647;
			files = (
				00E356F31AD99517003FC87E /* Coffe_ShopeTests.m in Sources */,
			);
			runOnlyForDeploymentPostprocessing = 0;
		};
		13B07F871A680F5B00A75B9A /* Sources */ = {
			isa = PBXSourcesBuildPhase;
			buildActionMask = 2147483647;
			files = (
				13B07FBC1A68108700A75B9A /* AppDelegate.mm in Sources */,
				13B07FC11A68108700A75B9A /* main.m in Sources */,
			);
			runOnlyForDeploymentPostprocessing = 0;
		};
/* End PBXSourcesBuildPhase section */

/* Begin PBXTargetDependency section */
		00E356F51AD99517003FC87E /* PBXTargetDependency */ = {
			isa = PBXTargetDependency;
			target = 13B07F861A680F5B00A75B9A /* Coffe_Shope */;
			targetProxy = 00E356F41AD99517003FC87E /* PBXContainerItemProxy */;
		};
/* End PBXTargetDependency section */

/* Begin XCBuildConfiguration section */
		00E356F61AD99517003FC87E /* Debug */ = {
			isa = XCBuildConfiguration;
			baseConfigurationReference = 5B7EB9410499542E8C5724F5 /* Pods-Coffe_Shope-Coffe_ShopeTests.debug.xcconfig */;
			buildSettings = {
				BUNDLE_LOADER = "$(TEST_HOST)";
				GCC_PREPROCESSOR_DEFINITIONS = (
					"DEBUG=1",
					"$(inherited)",
				);
				INFOPLIST_FILE = Coffe_ShopeTests/Info.plist;
				IPHONEOS_DEPLOYMENT_TARGET = 12.4;
				LD_RUNPATH_SEARCH_PATHS = (
					"$(inherited)",
					"@executable_path/Frameworks",
					"@loader_path/Frameworks",
				);
				OTHER_LDFLAGS = (
					"-ObjC",
					"-lc++",
					"$(inherited)",
				);
				PRODUCT_BUNDLE_IDENTIFIER = "org.reactjs.native.example.$(PRODUCT_NAME:rfc1034identifier)";
				PRODUCT_NAME = "$(TARGET_NAME)";
				TEST_HOST = "$(BUILT_PRODUCTS_DIR)/Coffe_Shope.app/Coffe_Shope";
			};
			name = Debug;
		};
		00E356F71AD99517003FC87E /* Release */ = {
			isa = XCBuildConfiguration;
			baseConfigurationReference = 89C6BE57DB24E9ADA2F236DE /* Pods-Coffe_Shope-Coffe_ShopeTests.release.xcconfig */;
			buildSettings = {
				BUNDLE_LOADER = "$(TEST_HOST)";
				COPY_PHASE_STRIP = NO;
				INFOPLIST_FILE = Coffe_ShopeTests/Info.plist;
				IPHONEOS_DEPLOYMENT_TARGET = 12.4;
				LD_RUNPATH_SEARCH_PATHS = (
					"$(inherited)",
					"@executable_path/Frameworks",
					"@loader_path/Frameworks",
				);
				OTHER_LDFLAGS = (
					"-ObjC",
					"-lc++",
					"$(inherited)",
				);
				PRODUCT_BUNDLE_IDENTIFIER = "org.reactjs.native.example.$(PRODUCT_NAME:rfc1034identifier)";
				PRODUCT_NAME = "$(TARGET_NAME)";
				TEST_HOST = "$(BUILT_PRODUCTS_DIR)/Coffe_Shope.app/Coffe_Shope";
			};
			name = Release;
		};
		13B07F941A680F5B00A75B9A /* Debug */ = {
			isa = XCBuildConfiguration;
			baseConfigurationReference = 3B4392A12AC88292D35C810B /* Pods-Coffe_Shope.debug.xcconfig */;
			buildSettings = {
				ASSETCATALOG_COMPILER_APPICON_NAME = AppIcon;
				CLANG_ENABLE_MODULES = YES;
				CURRENT_PROJECT_VERSION = 1;
				ENABLE_BITCODE = NO;
				INFOPLIST_FILE = Coffe_Shope/Info.plist;
				LD_RUNPATH_SEARCH_PATHS = (
					"$(inherited)",
					"@executable_path/Frameworks",
				);
				MARKETING_VERSION = 1.0;
				OTHER_LDFLAGS = (
					"$(inherited)",
					"-ObjC",
					"-lc++",
				);
				PRODUCT_BUNDLE_IDENTIFIER = "org.reactjs.native.example.$(PRODUCT_NAME:rfc1034identifier)";
				PRODUCT_NAME = Coffe_Shope;
				SWIFT_OPTIMIZATION_LEVEL = "-Onone";
				SWIFT_VERSION = 5.0;
				VERSIONING_SYSTEM = "apple-generic";
			};
			name = Debug;
		};
		13B07F951A680F5B00A75B9A /* Release */ = {
			isa = XCBuildConfiguration;
			baseConfigurationReference = 5709B34CF0A7D63546082F79 /* Pods-Coffe_Shope.release.xcconfig */;
			buildSettings = {
				ASSETCATALOG_COMPILER_APPICON_NAME = AppIcon;
				CLANG_ENABLE_MODULES = YES;
				CURRENT_PROJECT_VERSION = 1;
				INFOPLIST_FILE = Coffe_Shope/Info.plist;
				LD_RUNPATH_SEARCH_PATHS = (
					"$(inherited)",
					"@executable_path/Frameworks",
				);
				MARKETING_VERSION = 1.0;
				OTHER_LDFLAGS = (
					"$(inherited)",
					"-ObjC",
					"-lc++",
				);
				PRODUCT_BUNDLE_IDENTIFIER = "org.reactjs.native.example.$(PRODUCT_NAME:rfc1034identifier)";
				PRODUCT_NAME = Coffe_Shope;
				SWIFT_VERSION = 5.0;
				VERSIONING_SYSTEM = "apple-generic";
			};
			name = Release;
		};
		83CBBA201A601CBA00E9B192 /* Debug */ = {
			isa = XCBuildConfiguration;
			buildSettings = {
				ALWAYS_SEARCH_USER_PATHS = NO;
				CLANG_ANALYZER_LOCALIZABILITY_NONLOCALIZED = YES;
				CLANG_CXX_LANGUAGE_STANDARD = "c++17";
				CLANG_CXX_LIBRARY = "libc++";
				CLANG_ENABLE_MODULES = YES;
				CLANG_ENABLE_OBJC_ARC = YES;
				CLANG_WARN_BLOCK_CAPTURE_AUTORELEASING = YES;
				CLANG_WARN_BOOL_CONVERSION = YES;
				CLANG_WARN_COMMA = YES;
				CLANG_WARN_CONSTANT_CONVERSION = YES;
				CLANG_WARN_DEPRECATED_OBJC_IMPLEMENTATIONS = YES;
				CLANG_WARN_DIRECT_OBJC_ISA_USAGE = YES_ERROR;
				CLANG_WARN_EMPTY_BODY = YES;
				CLANG_WARN_ENUM_CONVERSION = YES;
				CLANG_WARN_INFINITE_RECURSION = YES;
				CLANG_WARN_INT_CONVERSION = YES;
				CLANG_WARN_NON_LITERAL_NULL_CONVERSION = YES;
				CLANG_WARN_OBJC_IMPLICIT_RETAIN_SELF = YES;
				CLANG_WARN_OBJC_LITERAL_CONVERSION = YES;
				CLANG_WARN_OBJC_ROOT_CLASS = YES_ERROR;
				CLANG_WARN_QUOTED_INCLUDE_IN_FRAMEWORK_HEADER = YES;
				CLANG_WARN_RANGE_LOOP_ANALYSIS = YES;
				CLANG_WARN_STRICT_PROTOTYPES = YES;
				CLANG_WARN_SUSPICIOUS_MOVE = YES;
				CLANG_WARN_UNREACHABLE_CODE = YES;
				CLANG_WARN__DUPLICATE_METHOD_MATCH = YES;
				"CODE_SIGN_IDENTITY[sdk=iphoneos*]" = "iPhone Developer";
				COPY_PHASE_STRIP = NO;
				ENABLE_STRICT_OBJC_MSGSEND = YES;
				ENABLE_TESTABILITY = YES;
				"EXCLUDED_ARCHS[sdk=iphonesimulator*]" = "";
				GCC_C_LANGUAGE_STANDARD = gnu99;
				GCC_DYNAMIC_NO_PIC = NO;
				GCC_NO_COMMON_BLOCKS = YES;
				GCC_OPTIMIZATION_LEVEL = 0;
				GCC_PREPROCESSOR_DEFINITIONS = (
					"DEBUG=1",
					"$(inherited)",
				);
				GCC_SYMBOLS_PRIVATE_EXTERN = NO;
				GCC_WARN_64_TO_32_BIT_CONVERSION = YES;
				GCC_WARN_ABOUT_RETURN_TYPE = YES_ERROR;
				GCC_WARN_UNDECLARED_SELECTOR = YES;
				GCC_WARN_UNINITIALIZED_AUTOS = YES_AGGRESSIVE;
				GCC_WARN_UNUSED_FUNCTION = YES;
				GCC_WARN_UNUSED_VARIABLE = YES;
				IPHONEOS_DEPLOYMENT_TARGET = 12.4;
				LD_RUNPATH_SEARCH_PATHS = (
					/usr/lib/swift,
					"$(inherited)",
				);
				LIBRARY_SEARCH_PATHS = (
					"\"$(SDKROOT)/usr/lib/swift\"",
					"\"$(TOOLCHAIN_DIR)/usr/lib/swift/$(PLATFORM_NAME)\"",
					"\"$(inherited)\"",
				);
				MTL_ENABLE_DEBUG_INFO = YES;
				ONLY_ACTIVE_ARCH = YES;
				OTHER_CPLUSPLUSFLAGS = (
					"$(OTHER_CFLAGS)",
					"-DFOLLY_NO_CONFIG",
					"-DFOLLY_MOBILE=1",
					"-DFOLLY_USE_LIBCPP=1",
				);
				SDKROOT = iphoneos;
			};
			name = Debug;
		};
		83CBBA211A601CBA00E9B192 /* Release */ = {
			isa = XCBuildConfiguration;
			buildSettings = {
				ALWAYS_SEARCH_USER_PATHS = NO;
				CLANG_ANALYZER_LOCALIZABILITY_NONLOCALIZED = YES;
				CLANG_CXX_LANGUAGE_STANDARD = "c++17";
				CLANG_CXX_LIBRARY = "libc++";
				CLANG_ENABLE_MODULES = YES;
				CLANG_ENABLE_OBJC_ARC = YES;
				CLANG_WARN_BLOCK_CAPTURE_AUTORELEASING = YES;
				CLANG_WARN_BOOL_CONVERSION = YES;
				CLANG_WARN_COMMA = YES;
				CLANG_WARN_CONSTANT_CONVERSION = YES;
				CLANG_WARN_DEPRECATED_OBJC_IMPLEMENTATIONS = YES;
				CLANG_WARN_DIRECT_OBJC_ISA_USAGE = YES_ERROR;
				CLANG_WARN_EMPTY_BODY = YES;
				CLANG_WARN_ENUM_CONVERSION = YES;
				CLANG_WARN_INFINITE_RECURSION = YES;
				CLANG_WARN_INT_CONVERSION = YES;
				CLANG_WARN_NON_LITERAL_NULL_CONVERSION = YES;
				CLANG_WARN_OBJC_IMPLICIT_RETAIN_SELF = YES;
				CLANG_WARN_OBJC_LITERAL_CONVERSION = YES;
				CLANG_WARN_OBJC_ROOT_CLASS = YES_ERROR;
				CLANG_WARN_QUOTED_INCLUDE_IN_FRAMEWORK_HEADER = YES;
				CLANG_WARN_RANGE_LOOP_ANALYSIS = YES;
				CLANG_WARN_STRICT_PROTOTYPES = YES;
				CLANG_WARN_SUSPICIOUS_MOVE = YES;
				CLANG_WARN_UNREACHABLE_CODE = YES;
				CLANG_WARN__DUPLICATE_METHOD_MATCH = YES;
				"CODE_SIGN_IDENTITY[sdk=iphoneos*]" = "iPhone Developer";
				COPY_PHASE_STRIP = YES;
				ENABLE_NS_ASSERTIONS = NO;
				ENABLE_STRICT_OBJC_MSGSEND = YES;
				"EXCLUDED_ARCHS[sdk=iphonesimulator*]" = "";
				GCC_C_LANGUAGE_STANDARD = gnu99;
				GCC_NO_COMMON_BLOCKS = YES;
				GCC_WARN_64_TO_32_BIT_CONVERSION = YES;
				GCC_WARN_ABOUT_RETURN_TYPE = YES_ERROR;
				GCC_WARN_UNDECLARED_SELECTOR = YES;
				GCC_WARN_UNINITIALIZED_AUTOS = YES_AGGRESSIVE;
				GCC_WARN_UNUSED_FUNCTION = YES;
				GCC_WARN_UNUSED_VARIABLE = YES;
				IPHONEOS_DEPLOYMENT_TARGET = 12.4;
				LD_RUNPATH_SEARCH_PATHS = (
					/usr/lib/swift,
					"$(inherited)",
				);
				LIBRARY_SEARCH_PATHS = (
					"\"$(SDKROOT)/usr/lib/swift\"",
					"\"$(TOOLCHAIN_DIR)/usr/lib/swift/$(PLATFORM_NAME)\"",
					"\"$(inherited)\"",
				);
				MTL_ENABLE_DEBUG_INFO = NO;
				OTHER_CPLUSPLUSFLAGS = (
					"$(OTHER_CFLAGS)",
					"-DFOLLY_NO_CONFIG",
					"-DFOLLY_MOBILE=1",
					"-DFOLLY_USE_LIBCPP=1",
				);
				SDKROOT = iphoneos;
				VALIDATE_PRODUCT = YES;
			};
			name = Release;
		};
/* End XCBuildConfiguration section */

/* Begin XCConfigurationList section */
		00E357021AD99517003FC87E /* Build configuration list for PBXNativeTarget "Coffe_ShopeTests" */ = {
			isa = XCConfigurationList;
			buildConfigurations = (
				00E356F61AD99517003FC87E /* Debug */,
				00E356F71AD99517003FC87E /* Release */,
			);
			defaultConfigurationIsVisible = 0;
			defaultConfigurationName = Release;
		};
		13B07F931A680F5B00A75B9A /* Build configuration list for PBXNativeTarget "Coffe_Shope" */ = {
			isa = XCConfigurationList;
			buildConfigurations = (
				13B07F941A680F5B00A75B9A /* Debug */,
				13B07F951A680F5B00A75B9A /* Release */,
			);
			defaultConfigurationIsVisible = 0;
			defaultConfigurationName = Release;
		};
		83CBB9FA1A601CBA00E9B192 /* Build configuration list for PBXProject "Coffe_Shope" */ = {
			isa = XCConfigurationList;
			buildConfigurations = (
				83CBBA201A601CBA00E9B192 /* Debug */,
				83CBBA211A601CBA00E9B192 /* Release */,
			);
			defaultConfigurationIsVisible = 0;
			defaultConfigurationName = Release;
		};
/* End XCConfigurationList section */
	};
	rootObject = 83CBB9F71A601CBA00E9B192 /* Project object */;
}
